// !$*UTF8*$!
{
	archiveVersion = 1;
	classes = {
	};
	objectVersion = 56;
	objects = {

/* Begin PBXBuildFile section */
		598792CE29C7A18A001E9E4C /* AppDelegate.swift in Sources */ = {isa = PBXBuildFile; fileRef = 598792CD29C7A18A001E9E4C /* AppDelegate.swift */; };
		598792D029C7A18A001E9E4C /* SceneDelegate.swift in Sources */ = {isa = PBXBuildFile; fileRef = 598792CF29C7A18A001E9E4C /* SceneDelegate.swift */; };
		598792D229C7A18A001E9E4C /* ViewController.swift in Sources */ = {isa = PBXBuildFile; fileRef = 598792D129C7A18A001E9E4C /* ViewController.swift */; };
		598792D529C7A18A001E9E4C /* Main.storyboard in Resources */ = {isa = PBXBuildFile; fileRef = 598792D329C7A18A001E9E4C /* Main.storyboard */; };
		598792D729C7A18B001E9E4C /* Assets.xcassets in Resources */ = {isa = PBXBuildFile; fileRef = 598792D629C7A18B001E9E4C /* Assets.xcassets */; };
		598792DA29C7A18B001E9E4C /* LaunchScreen.storyboard in Resources */ = {isa = PBXBuildFile; fileRef = 598792D829C7A18B001E9E4C /* LaunchScreen.storyboard */; };
		AA08B3B1BE906ECD741A97DA /* Pods_MovieTrackerV2.framework in Frameworks */ = {isa = PBXBuildFile; fileRef = 5995FD1106AB1FBB49B75F69 /* Pods_MovieTrackerV2.framework */; };
/* End PBXBuildFile section */

/* Begin PBXFileReference section */
		1DCAF83163AC8D68A747770C /* Pods-MovieTrackerV2.release.xcconfig */ = {isa = PBXFileReference; includeInIndex = 1; lastKnownFileType = text.xcconfig; name = "Pods-MovieTrackerV2.release.xcconfig"; path = "Target Support Files/Pods-MovieTrackerV2/Pods-MovieTrackerV2.release.xcconfig"; sourceTree = "<group>"; };
		598792CA29C7A18A001E9E4C /* MovieTrackerV2.app */ = {isa = PBXFileReference; explicitFileType = wrapper.application; includeInIndex = 0; path = MovieTrackerV2.app; sourceTree = BUILT_PRODUCTS_DIR; };
		598792CD29C7A18A001E9E4C /* AppDelegate.swift */ = {isa = PBXFileReference; lastKnownFileType = sourcecode.swift; path = AppDelegate.swift; sourceTree = "<group>"; };
		598792CF29C7A18A001E9E4C /* SceneDelegate.swift */ = {isa = PBXFileReference; lastKnownFileType = sourcecode.swift; path = SceneDelegate.swift; sourceTree = "<group>"; };
		598792D129C7A18A001E9E4C /* ViewController.swift */ = {isa = PBXFileReference; lastKnownFileType = sourcecode.swift; path = ViewController.swift; sourceTree = "<group>"; };
		598792D429C7A18A001E9E4C /* Base */ = {isa = PBXFileReference; lastKnownFileType = file.storyboard; name = Base; path = Base.lproj/Main.storyboard; sourceTree = "<group>"; };
		598792D629C7A18B001E9E4C /* Assets.xcassets */ = {isa = PBXFileReference; lastKnownFileType = folder.assetcatalog; path = Assets.xcassets; sourceTree = "<group>"; };
		598792D929C7A18B001E9E4C /* Base */ = {isa = PBXFileReference; lastKnownFileType = file.storyboard; name = Base; path = Base.lproj/LaunchScreen.storyboard; sourceTree = "<group>"; };
		598792DB29C7A18B001E9E4C /* Info.plist */ = {isa = PBXFileReference; lastKnownFileType = text.plist.xml; path = Info.plist; sourceTree = "<group>"; };
		5995FD1106AB1FBB49B75F69 /* Pods_MovieTrackerV2.framework */ = {isa = PBXFileReference; explicitFileType = wrapper.framework; includeInIndex = 0; path = Pods_MovieTrackerV2.framework; sourceTree = BUILT_PRODUCTS_DIR; };
		82199450E644A0B085750092 /* Pods-MovieTrackerV2.debug.xcconfig */ = {isa = PBXFileReference; includeInIndex = 1; lastKnownFileType = text.xcconfig; name = "Pods-MovieTrackerV2.debug.xcconfig"; path = "Target Support Files/Pods-MovieTrackerV2/Pods-MovieTrackerV2.debug.xcconfig"; sourceTree = "<group>"; };
/* End PBXFileReference section */

/* Begin PBXFrameworksBuildPhase section */
		598792C729C7A18A001E9E4C /* Frameworks */ = {
			isa = PBXFrameworksBuildPhase;
			buildActionMask = 2147483647;
			files = (
				AA08B3B1BE906ECD741A97DA /* Pods_MovieTrackerV2.framework in Frameworks */,
			);
			runOnlyForDeploymentPostprocessing = 0;
		};
/* End PBXFrameworksBuildPhase section */

/* Begin PBXGroup section */
		598792C129C7A18A001E9E4C = {
			isa = PBXGroup;
			children = (
				598792CC29C7A18A001E9E4C /* MovieTrackerV2 */,
				598792CB29C7A18A001E9E4C /* Products */,
				E7D9B38997B4B7962D957647 /* Pods */,
				BB0494BD6B2A9043C784C945 /* Frameworks */,
			);
			sourceTree = "<group>";
		};
		598792CB29C7A18A001E9E4C /* Products */ = {
			isa = PBXGroup;
			children = (
				598792CA29C7A18A001E9E4C /* MovieTrackerV2.app */,
			);
			name = Products;
			sourceTree = "<group>";
		};
		598792CC29C7A18A001E9E4C /* MovieTrackerV2 */ = {
			isa = PBXGroup;
			children = (
				598792CD29C7A18A001E9E4C /* AppDelegate.swift */,
				598792CF29C7A18A001E9E4C /* SceneDelegate.swift */,
				598792D129C7A18A001E9E4C /* ViewController.swift */,
				598792D329C7A18A001E9E4C /* Main.storyboard */,
				598792D629C7A18B001E9E4C /* Assets.xcassets */,
				598792D829C7A18B001E9E4C /* LaunchScreen.storyboard */,
				598792DB29C7A18B001E9E4C /* Info.plist */,
			);
			path = MovieTrackerV2;
			sourceTree = "<group>";
		};
		BB0494BD6B2A9043C784C945 /* Frameworks */ = {
			isa = PBXGroup;
			children = (
				5995FD1106AB1FBB49B75F69 /* Pods_MovieTrackerV2.framework */,
			);
			name = Frameworks;
			sourceTree = "<group>";
		};
		E7D9B38997B4B7962D957647 /* Pods */ = {
			isa = PBXGroup;
			children = (
				82199450E644A0B085750092 /* Pods-MovieTrackerV2.debug.xcconfig */,
				1DCAF83163AC8D68A747770C /* Pods-MovieTrackerV2.release.xcconfig */,
			);
			name = Pods;
			path = Pods;
			sourceTree = "<group>";
		};
/* End PBXGroup section */

/* Begin PBXNativeTarget section */
		598792C929C7A18A001E9E4C /* MovieTrackerV2 */ = {
			isa = PBXNativeTarget;
			buildConfigurationList = 598792DE29C7A18B001E9E4C /* Build configuration list for PBXNativeTarget "MovieTrackerV2" */;
			buildPhases = (
				459671047A60E5E8B40FCDBE /* [CP] Check Pods Manifest.lock */,
				598792C629C7A18A001E9E4C /* Sources */,
				598792C729C7A18A001E9E4C /* Frameworks */,
				598792C829C7A18A001E9E4C /* Resources */,
				EF2F38B0E6A985D4AFFD9F48 /* [CP] Embed Pods Frameworks */,
			);
			buildRules = (
			);
			dependencies = (
			);
			name = MovieTrackerV2;
			productName = MovieTrackerV2;
			productReference = 598792CA29C7A18A001E9E4C /* MovieTrackerV2.app */;
			productType = "com.apple.product-type.application";
		};
/* End PBXNativeTarget section */

/* Begin PBXProject section */
		598792C229C7A18A001E9E4C /* Project object */ = {
			isa = PBXProject;
			attributes = {
				BuildIndependentTargetsInParallel = 1;
				LastSwiftUpdateCheck = 1400;
				LastUpgradeCheck = 1400;
				TargetAttributes = {
					598792C929C7A18A001E9E4C = {
						CreatedOnToolsVersion = 14.0;
					};
				};
			};
			buildConfigurationList = 598792C529C7A18A001E9E4C /* Build configuration list for PBXProject "MovieTrackerV2" */;
			compatibilityVersion = "Xcode 14.0";
			developmentRegion = en;
			hasScannedForEncodings = 0;
			knownRegions = (
				en,
				Base,
			);
			mainGroup = 598792C129C7A18A001E9E4C;
			productRefGroup = 598792CB29C7A18A001E9E4C /* Products */;
			projectDirPath = "";
			projectRoot = "";
			targets = (
				598792C929C7A18A001E9E4C /* MovieTrackerV2 */,
			);
		};
/* End PBXProject section */

/* Begin PBXResourcesBuildPhase section */
		598792C829C7A18A001E9E4C /* Resources */ = {
			isa = PBXResourcesBuildPhase;
			buildActionMask = 2147483647;
			files = (
				598792DA29C7A18B001E9E4C /* LaunchScreen.storyboard in Resources */,
				598792D729C7A18B001E9E4C /* Assets.xcassets in Resources */,
				598792D529C7A18A001E9E4C /* Main.storyboard in Resources */,
			);
			runOnlyForDeploymentPostprocessing = 0;
		};
/* End PBXResourcesBuildPhase section */

/* Begin PBXShellScriptBuildPhase section */
		459671047A60E5E8B40FCDBE /* [CP] Check Pods Manifest.lock */ = {
			isa = PBXShellScriptBuildPhase;
			buildActionMask = 2147483647;
			files = (
			);
			inputFileListPaths = (
			);
			inputPaths = (
				"${PODS_PODFILE_DIR_PATH}/Podfile.lock",
				"${PODS_ROOT}/Manifest.lock",
			);
			name = "[CP] Check Pods Manifest.lock";
			outputFileListPaths = (
			);
			outputPaths = (
				"$(DERIVED_FILE_DIR)/Pods-MovieTrackerV2-checkManifestLockResult.txt",
			);
			runOnlyForDeploymentPostprocessing = 0;
			shellPath = /bin/sh;
			shellScript = "diff \"${PODS_PODFILE_DIR_PATH}/Podfile.lock\" \"${PODS_ROOT}/Manifest.lock\" > /dev/null\nif [ $? != 0 ] ; then\n    # print error to STDERR\n    echo \"error: The sandbox is not in sync with the Podfile.lock. Run 'pod install' or update your CocoaPods installation.\" >&2\n    exit 1\nfi\n# This output is used by Xcode 'outputs' to avoid re-running this script phase.\necho \"SUCCESS\" > \"${SCRIPT_OUTPUT_FILE_0}\"\n";
			showEnvVarsInLog = 0;
		};
		EF2F38B0E6A985D4AFFD9F48 /* [CP] Embed Pods Frameworks */ = {
			isa = PBXShellScriptBuildPhase;
			buildActionMask = 2147483647;
			files = (
			);
			inputFileListPaths = (
				"${PODS_ROOT}/Target Support Files/Pods-MovieTrackerV2/Pods-MovieTrackerV2-frameworks-${CONFIGURATION}-input-files.xcfilelist",
			);
			name = "[CP] Embed Pods Frameworks";
			outputFileListPaths = (
				"${PODS_ROOT}/Target Support Files/Pods-MovieTrackerV2/Pods-MovieTrackerV2-frameworks-${CONFIGURATION}-output-files.xcfilelist",
			);
			runOnlyForDeploymentPostprocessing = 0;
			shellPath = /bin/sh;
			shellScript = "\"${PODS_ROOT}/Target Support Files/Pods-MovieTrackerV2/Pods-MovieTrackerV2-frameworks.sh\"\n";
			showEnvVarsInLog = 0;
		};
/* End PBXShellScriptBuildPhase section */

/* Begin PBXSourcesBuildPhase section */
		598792C629C7A18A001E9E4C /* Sources */ = {
			isa = PBXSourcesBuildPhase;
			buildActionMask = 2147483647;
			files = (
				598792D229C7A18A001E9E4C /* ViewController.swift in Sources */,
				598792CE29C7A18A001E9E4C /* AppDelegate.swift in Sources */,
				598792D029C7A18A001E9E4C /* SceneDelegate.swift in Sources */,
			);
			runOnlyForDeploymentPostprocessing = 0;
		};
/* End PBXSourcesBuildPhase section */

/* Begin PBXVariantGroup section */
		598792D329C7A18A001E9E4C /* Main.storyboard */ = {
			isa = PBXVariantGroup;
			children = (
				598792D429C7A18A001E9E4C /* Base */,
			);
			name = Main.storyboard;
			sourceTree = "<group>";
		};
		598792D829C7A18B001E9E4C /* LaunchScreen.storyboard */ = {
			isa = PBXVariantGroup;
			children = (
				598792D929C7A18B001E9E4C /* Base */,
			);
			name = LaunchScreen.storyboard;
			sourceTree = "<group>";
		};
/* End PBXVariantGroup section */

/* Begin XCBuildConfiguration section */
		598792DC29C7A18B001E9E4C /* Debug */ = {
			isa = XCBuildConfiguration;
			buildSettings = {
				ALWAYS_SEARCH_USER_PATHS = NO;
				CLANG_ANALYZER_NONNULL = YES;
				CLANG_ANALYZER_NUMBER_OBJECT_CONVERSION = YES_AGGRESSIVE;
				CLANG_CXX_LANGUAGE_STANDARD = "gnu++20";
				CLANG_ENABLE_MODULES = YES;
				CLANG_ENABLE_OBJC_ARC = YES;
				CLANG_ENABLE_OBJC_WEAK = YES;
				CLANG_WARN_BLOCK_CAPTURE_AUTORELEASING = YES;
				CLANG_WARN_BOOL_CONVERSION = YES;
				CLANG_WARN_COMMA = YES;
				CLANG_WARN_CONSTANT_CONVERSION = YES;
				CLANG_WARN_DEPRECATED_OBJC_IMPLEMENTATIONS = YES;
				CLANG_WARN_DIRECT_OBJC_ISA_USAGE = YES_ERROR;
				CLANG_WARN_DOCUMENTATION_COMMENTS = YES;
				CLANG_WARN_EMPTY_BODY = YES;
				CLANG_WARN_ENUM_CONVERSION = YES;
				CLANG_WARN_INFINITE_RECURSION = YES;
				CLANG_WARN_INT_CONVERSION = YES;
				CLANG_WARN_NON_LITERAL_NULL_CONVERSION = YES;
				CLANG_WARN_OBJC_IMPLICIT_RETAIN_SELF = YES;
				CLANG_WARN_OBJC_LITERAL_CONVERSION = YES;
				CLANG_WARN_OBJC_ROOT_CLASS = YES_ERROR;
				CLANG_WARN_QUOTED_INCLUDE_IN_FRAMEWORK_HEADER = YES;
				CLANG_WARN_RANGE_LOOP_ANALYSIS = YES;
				CLANG_WARN_STRICT_PROTOTYPES = YES;
				CLANG_WARN_SUSPICIOUS_MOVE = YES;
				CLANG_WARN_UNGUARDED_AVAILABILITY = YES_AGGRESSIVE;
				CLANG_WARN_UNREACHABLE_CODE = YES;
				CLANG_WARN__DUPLICATE_METHOD_MATCH = YES;
				COPY_PHASE_STRIP = NO;
				DEBUG_INFORMATION_FORMAT = dwarf;
				ENABLE_STRICT_OBJC_MSGSEND = YES;
				ENABLE_TESTABILITY = YES;
				GCC_C_LANGUAGE_STANDARD = gnu11;
				GCC_DYNAMIC_NO_PIC = NO;
				GCC_NO_COMMON_BLOCKS = YES;
				GCC_OPTIMIZATION_LEVEL = 0;
				GCC_PREPROCESSOR_DEFINITIONS = (
					"DEBUG=1",
					"$(inherited)",
				);
				GCC_WARN_64_TO_32_BIT_CONVERSION = YES;
				GCC_WARN_ABOUT_RETURN_TYPE = YES_ERROR;
				GCC_WARN_UNDECLARED_SELECTOR = YES;
				GCC_WARN_UNINITIALIZED_AUTOS = YES_AGGRESSIVE;
				GCC_WARN_UNUSED_FUNCTION = YES;
				GCC_WARN_UNUSED_VARIABLE = YES;
				IPHONEOS_DEPLOYMENT_TARGET = 16.0;
				MTL_ENABLE_DEBUG_INFO = INCLUDE_SOURCE;
				MTL_FAST_MATH = YES;
				ONLY_ACTIVE_ARCH = YES;
				SDKROOT = iphoneos;
				SWIFT_ACTIVE_COMPILATION_CONDITIONS = DEBUG;
				SWIFT_OPTIMIZATION_LEVEL = "-Onone";
			};
			name = Debug;
		};
		598792DD29C7A18B001E9E4C /* Release */ = {
			isa = XCBuildConfiguration;
			buildSettings = {
				ALWAYS_SEARCH_USER_PATHS = NO;
				CLANG_ANALYZER_NONNULL = YES;
				CLANG_ANALYZER_NUMBER_OBJECT_CONVERSION = YES_AGGRESSIVE;
				CLANG_CXX_LANGUAGE_STANDARD = "gnu++20";
				CLANG_ENABLE_MODULES = YES;
				CLANG_ENABLE_OBJC_ARC = YES;
				CLANG_ENABLE_OBJC_WEAK = YES;
				CLANG_WARN_BLOCK_CAPTURE_AUTORELEASING = YES;
				CLANG_WARN_BOOL_CONVERSION = YES;
				CLANG_WARN_COMMA = YES;
				CLANG_WARN_CONSTANT_CONVERSION = YES;
				CLANG_WARN_DEPRECATED_OBJC_IMPLEMENTATIONS = YES;
				CLANG_WARN_DIRECT_OBJC_ISA_USAGE = YES_ERROR;
				CLANG_WARN_DOCUMENTATION_COMMENTS = YES;
				CLANG_WARN_EMPTY_BODY = YES;
				CLANG_WARN_ENUM_CONVERSION = YES;
				CLANG_WARN_INFINITE_RECURSION = YES;
				CLANG_WARN_INT_CONVERSION = YES;
				CLANG_WARN_NON_LITERAL_NULL_CONVERSION = YES;
				CLANG_WARN_OBJC_IMPLICIT_RETAIN_SELF = YES;
				CLANG_WARN_OBJC_LITERAL_CONVERSION = YES;
				CLANG_WARN_OBJC_ROOT_CLASS = YES_ERROR;
				CLANG_WARN_QUOTED_INCLUDE_IN_FRAMEWORK_HEADER = YES;
				CLANG_WARN_RANGE_LOOP_ANALYSIS = YES;
				CLANG_WARN_STRICT_PROTOTYPES = YES;
				CLANG_WARN_SUSPICIOUS_MOVE = YES;
				CLANG_WARN_UNGUARDED_AVAILABILITY = YES_AGGRESSIVE;
				CLANG_WARN_UNREACHABLE_CODE = YES;
				CLANG_WARN__DUPLICATE_METHOD_MATCH = YES;
				COPY_PHASE_STRIP = NO;
				DEBUG_INFORMATION_FORMAT = "dwarf-with-dsym";
				ENABLE_NS_ASSERTIONS = NO;
				ENABLE_STRICT_OBJC_MSGSEND = YES;
				GCC_C_LANGUAGE_STANDARD = gnu11;
				GCC_NO_COMMON_BLOCKS = YES;
				GCC_WARN_64_TO_32_BIT_CONVERSION = YES;
				GCC_WARN_ABOUT_RETURN_TYPE = YES_ERROR;
				GCC_WARN_UNDECLARED_SELECTOR = YES;
				GCC_WARN_UNINITIALIZED_AUTOS = YES_AGGRESSIVE;
				GCC_WARN_UNUSED_FUNCTION = YES;
				GCC_WARN_UNUSED_VARIABLE = YES;
				IPHONEOS_DEPLOYMENT_TARGET = 16.0;
				MTL_ENABLE_DEBUG_INFO = NO;
				MTL_FAST_MATH = YES;
				SDKROOT = iphoneos;
				SWIFT_COMPILATION_MODE = wholemodule;
				SWIFT_OPTIMIZATION_LEVEL = "-O";
				VALIDATE_PRODUCT = YES;
			};
			name = Release;
		};
		598792DF29C7A18B001E9E4C /* Debug */ = {
			isa = XCBuildConfiguration;
			baseConfigurationReference = 82199450E644A0B085750092 /* Pods-MovieTrackerV2.debug.xcconfig */;
			buildSettings = {
				ASSETCATALOG_COMPILER_APPICON_NAME = AppIcon;
				ASSETCATALOG_COMPILER_GLOBAL_ACCENT_COLOR_NAME = AccentColor;
				CODE_SIGN_STYLE = Automatic;
				CURRENT_PROJECT_VERSION = 1;
				DEVELOPMENT_TEAM = 3CA8G624J9;
				GENERATE_INFOPLIST_FILE = YES;
				INFOPLIST_FILE = MovieTrackerV2/Info.plist;
				INFOPLIST_KEY_UIApplicationSupportsIndirectInputEvents = YES;
				INFOPLIST_KEY_UILaunchStoryboardName = LaunchScreen;
				INFOPLIST_KEY_UIMainStoryboardFile = Main;
				INFOPLIST_KEY_UISupportedInterfaceOrientations_iPad = "UIInterfaceOrientationPortrait UIInterfaceOrientationPortraitUpsideDown UIInterfaceOrientationLandscapeLeft UIInterfaceOrientationLandscapeRight";
				INFOPLIST_KEY_UISupportedInterfaceOrientations_iPhone = "UIInterfaceOrientationPortrait UIInterfaceOrientationLandscapeLeft UIInterfaceOrientationLandscapeRight";
				LD_RUNPATH_SEARCH_PATHS = (
					"$(inherited)",
					"@executable_path/Frameworks",
				);
				MARKETING_VERSION = 1.0;
				PRODUCT_BUNDLE_IDENTIFIER = com.mursel.MovieTrackerV2;
				PRODUCT_NAME = "$(TARGET_NAME)";
				SWIFT_EMIT_LOC_STRINGS = YES;
				SWIFT_VERSION = 5.0;
				TARGETED_DEVICE_FAMILY = "1,2";
			};
			name = Debug;
		};
		598792E029C7A18B001E9E4C /* Release */ = {
			isa = XCBuildConfiguration;
			baseConfigurationReference = 1DCAF83163AC8D68A747770C /* Pods-MovieTrackerV2.release.xcconfig */;
			buildSettings = {
				ASSETCATALOG_COMPILER_APPICON_NAME = AppIcon;
				ASSETCATALOG_COMPILER_GLOBAL_ACCENT_COLOR_NAME = AccentColor;
				CODE_SIGN_STYLE = Automatic;
				CURRENT_PROJECT_VERSION = 1;
				DEVELOPMENT_TEAM = 3CA8G624J9;
				GENERATE_INFOPLIST_FILE = YES;
				INFOPLIST_FILE = MovieTrackerV2/Info.plist;
				INFOPLIST_KEY_UIApplicationSupportsIndirectInputEvents = YES;
				INFOPLIST_KEY_UILaunchStoryboardName = LaunchScreen;
				INFOPLIST_KEY_UIMainStoryboardFile = Main;
				INFOPLIST_KEY_UISupportedInterfaceOrientations_iPad = "UIInterfaceOrientationPortrait UIInterfaceOrientationPortraitUpsideDown UIInterfaceOrientationLandscapeLeft UIInterfaceOrientationLandscapeRight";
				INFOPLIST_KEY_UISupportedInterfaceOrientations_iPhone = "UIInterfaceOrientationPortrait UIInterfaceOrientationLandscapeLeft UIInterfaceOrientationLandscapeRight";
				LD_RUNPATH_SEARCH_PATHS = (
					"$(inherited)",
					"@executable_path/Frameworks",
				);
				MARKETING_VERSION = 1.0;
				PRODUCT_BUNDLE_IDENTIFIER = com.mursel.MovieTrackerV2;
				PRODUCT_NAME = "$(TARGET_NAME)";
				SWIFT_EMIT_LOC_STRINGS = YES;
				SWIFT_VERSION = 5.0;
				TARGETED_DEVICE_FAMILY = "1,2";
			};
			name = Release;
		};
/* End XCBuildConfiguration section */

/* Begin XCConfigurationList section */
		598792C529C7A18A001E9E4C /* Build configuration list for PBXProject "MovieTrackerV2" */ = {
			isa = XCConfigurationList;
			buildConfigurations = (
				598792DC29C7A18B001E9E4C /* Debug */,
				598792DD29C7A18B001E9E4C /* Release */,
			);
			defaultConfigurationIsVisible = 0;
			defaultConfigurationName = Release;
		};
		598792DE29C7A18B001E9E4C /* Build configuration list for PBXNativeTarget "MovieTrackerV2" */ = {
			isa = XCConfigurationList;
			buildConfigurations = (
				598792DF29C7A18B001E9E4C /* Debug */,
				598792E029C7A18B001E9E4C /* Release */,
			);
			defaultConfigurationIsVisible = 0;
			defaultConfigurationName = Release;
		};
/* End XCConfigurationList section */
	};
	rootObject = 598792C229C7A18A001E9E4C /* Project object */;
}
